// !$*UTF8*$!
{
	archiveVersion = 1;
	classes = {
	};
	objectVersion = 51;
	objects = {

/* Begin PBXBuildFile section */
		A403378C282EE8880024E6BC /* FavoriteBooksViewController.swift in Sources */ = {isa = PBXBuildFile; fileRef = A403378B282EE8880024E6BC /* FavoriteBooksViewController.swift */; };
		A403378F282EEB520024E6BC /* FavoriteBooksViewModel.swift in Sources */ = {isa = PBXBuildFile; fileRef = A403378E282EEB520024E6BC /* FavoriteBooksViewModel.swift */; };
		A4033792282EECE60024E6BC /* FavoriteBookViewCell.swift in Sources */ = {isa = PBXBuildFile; fileRef = A4033791282EECE60024E6BC /* FavoriteBookViewCell.swift */; };
		A40337962830055B0024E6BC /* API.swift in Sources */ = {isa = PBXBuildFile; fileRef = A40337952830055B0024E6BC /* API.swift */; };
		A4033798283005F40024E6BC /* Network.swift in Sources */ = {isa = PBXBuildFile; fileRef = A4033797283005F40024E6BC /* Network.swift */; };
		A403379B2832A0A30024E6BC /* WebServices.swift in Sources */ = {isa = PBXBuildFile; fileRef = A403379A2832A0A30024E6BC /* WebServices.swift */; };
		A403379D2832A8960024E6BC /* FavoriteBookCellViewModel.swift in Sources */ = {isa = PBXBuildFile; fileRef = A403379C2832A8960024E6BC /* FavoriteBookCellViewModel.swift */; };
		A403379F2832BCD60024E6BC /* DetailViewController.swift in Sources */ = {isa = PBXBuildFile; fileRef = A403379E2832BCD60024E6BC /* DetailViewController.swift */; };
		A40337A12832C72A0024E6BC /* DetailBookViewModel.swift in Sources */ = {isa = PBXBuildFile; fileRef = A40337A02832C72A0024E6BC /* DetailBookViewModel.swift */; };
		A40337A52832E0120024E6BC /* BookDetails.graphql in Resources */ = {isa = PBXBuildFile; fileRef = A40337A42832E0120024E6BC /* BookDetails.graphql */; };
		A40337AA283421540024E6BC /* FavoriteAuthorsViewController.swift in Sources */ = {isa = PBXBuildFile; fileRef = A40337A9283421540024E6BC /* FavoriteAuthorsViewController.swift */; };
		A40337AC283424AB0024E6BC /* AuthorCell.swift in Sources */ = {isa = PBXBuildFile; fileRef = A40337AB283424AB0024E6BC /* AuthorCell.swift */; };
		A40337AE283427650024E6BC /* FavoriteAuthorsViewModel.swift in Sources */ = {isa = PBXBuildFile; fileRef = A40337AD283427650024E6BC /* FavoriteAuthorsViewModel.swift */; };
		A40337B0283428630024E6BC /* FavoriteAuthors.graphql in Resources */ = {isa = PBXBuildFile; fileRef = A40337AF283428630024E6BC /* FavoriteAuthors.graphql */; };
		A40337B228342B0A0024E6BC /* AuthorCellViewModel.swift in Sources */ = {isa = PBXBuildFile; fileRef = A40337B128342B090024E6BC /* AuthorCellViewModel.swift */; };
		A40337B428342EDC0024E6BC /* CategoriesViewController.swift in Sources */ = {isa = PBXBuildFile; fileRef = A40337B328342EDC0024E6BC /* CategoriesViewController.swift */; };
		A40337B6283434C40024E6BC /* CategoryCell.swift in Sources */ = {isa = PBXBuildFile; fileRef = A40337B5283434C40024E6BC /* CategoryCell.swift */; };
		A40337B928344AAD0024E6BC /* storyboardSettings.swift in Sources */ = {isa = PBXBuildFile; fileRef = A40337B828344AAD0024E6BC /* storyboardSettings.swift */; };
		A40337BB2834515A0024E6BC /* AllBooksViewController.swift in Sources */ = {isa = PBXBuildFile; fileRef = A40337BA2834515A0024E6BC /* AllBooksViewController.swift */; };
		A40337BD2834518C0024E6BC /* AllBooksViewModel.swift in Sources */ = {isa = PBXBuildFile; fileRef = A40337BC2834518C0024E6BC /* AllBooksViewModel.swift */; };
		A40337BF283451B30024E6BC /* AllBooks.graphql in Resources */ = {isa = PBXBuildFile; fileRef = A40337BE283451B30024E6BC /* AllBooks.graphql */; };
		A40337C2283457240024E6BC /* BookTableViewCell.swift in Sources */ = {isa = PBXBuildFile; fileRef = A40337C0283457240024E6BC /* BookTableViewCell.swift */; };
		A40337C3283457240024E6BC /* BookTableViewCell.xib in Resources */ = {isa = PBXBuildFile; fileRef = A40337C1283457240024E6BC /* BookTableViewCell.xib */; };
		A40337C528345AB10024E6BC /* BookCellViewModel.swift in Sources */ = {isa = PBXBuildFile; fileRef = A40337C428345AB00024E6BC /* BookCellViewModel.swift */; };
		A4D237D828354E6F00F0B2A8 /* Roboto-Regular.ttf in Resources */ = {isa = PBXBuildFile; fileRef = A4D237CC28354E6C00F0B2A8 /* Roboto-Regular.ttf */; };
		A4D237D928354E6F00F0B2A8 /* Roboto-Thin.ttf in Resources */ = {isa = PBXBuildFile; fileRef = A4D237CD28354E6D00F0B2A8 /* Roboto-Thin.ttf */; };
		A4D237DA28354E6F00F0B2A8 /* Roboto-ThinItalic.ttf in Resources */ = {isa = PBXBuildFile; fileRef = A4D237CE28354E6D00F0B2A8 /* Roboto-ThinItalic.ttf */; };
		A4D237DB28354E6F00F0B2A8 /* Roboto-Medium.ttf in Resources */ = {isa = PBXBuildFile; fileRef = A4D237CF28354E6D00F0B2A8 /* Roboto-Medium.ttf */; };
		A4D237DC28354E6F00F0B2A8 /* Roboto-Italic.ttf in Resources */ = {isa = PBXBuildFile; fileRef = A4D237D028354E6D00F0B2A8 /* Roboto-Italic.ttf */; };
		A4D237DD28354E6F00F0B2A8 /* Roboto-BoldItalic.ttf in Resources */ = {isa = PBXBuildFile; fileRef = A4D237D128354E6E00F0B2A8 /* Roboto-BoldItalic.ttf */; };
		A4D237DE28354E6F00F0B2A8 /* Roboto-BlackItalic.ttf in Resources */ = {isa = PBXBuildFile; fileRef = A4D237D228354E6E00F0B2A8 /* Roboto-BlackItalic.ttf */; };
		A4D237DF28354E6F00F0B2A8 /* Roboto-LightItalic.ttf in Resources */ = {isa = PBXBuildFile; fileRef = A4D237D328354E6E00F0B2A8 /* Roboto-LightItalic.ttf */; };
		A4D237E028354E6F00F0B2A8 /* Roboto-Black.ttf in Resources */ = {isa = PBXBuildFile; fileRef = A4D237D428354E6E00F0B2A8 /* Roboto-Black.ttf */; };
		A4D237E128354E6F00F0B2A8 /* Roboto-Light.ttf in Resources */ = {isa = PBXBuildFile; fileRef = A4D237D528354E6E00F0B2A8 /* Roboto-Light.ttf */; };
		A4D237E228354E6F00F0B2A8 /* Roboto-Bold.ttf in Resources */ = {isa = PBXBuildFile; fileRef = A4D237D628354E6F00F0B2A8 /* Roboto-Bold.ttf */; };
		A4D237E328354E6F00F0B2A8 /* Roboto-MediumItalic.ttf in Resources */ = {isa = PBXBuildFile; fileRef = A4D237D728354E6F00F0B2A8 /* Roboto-MediumItalic.ttf */; };
		A4D237E52835730500F0B2A8 /* UserPicture.graphql in Resources */ = {isa = PBXBuildFile; fileRef = A4D237E42835730500F0B2A8 /* UserPicture.graphql */; };
		A4D237E728358EFD00F0B2A8 /* TabBarViewController.swift in Sources */ = {isa = PBXBuildFile; fileRef = A4D237E628358EFD00F0B2A8 /* TabBarViewController.swift */; };
		A4FBE5BD282D928000B21C07 /* AppDelegate.swift in Sources */ = {isa = PBXBuildFile; fileRef = A4FBE5BC282D928000B21C07 /* AppDelegate.swift */; };
		A4FBE5BF282D928000B21C07 /* SceneDelegate.swift in Sources */ = {isa = PBXBuildFile; fileRef = A4FBE5BE282D928000B21C07 /* SceneDelegate.swift */; };
		A4FBE5C1282D928000B21C07 /* ViewController.swift in Sources */ = {isa = PBXBuildFile; fileRef = A4FBE5C0282D928000B21C07 /* ViewController.swift */; };
		A4FBE5C4282D928000B21C07 /* Main.storyboard in Resources */ = {isa = PBXBuildFile; fileRef = A4FBE5C2282D928000B21C07 /* Main.storyboard */; };
		A4FBE5C7282D928000B21C07 /* studiosol_teste.xcdatamodeld in Sources */ = {isa = PBXBuildFile; fileRef = A4FBE5C5282D928000B21C07 /* studiosol_teste.xcdatamodeld */; };
		A4FBE5C9282D928200B21C07 /* Assets.xcassets in Resources */ = {isa = PBXBuildFile; fileRef = A4FBE5C8282D928200B21C07 /* Assets.xcassets */; };
		A4FBE5CC282D928200B21C07 /* LaunchScreen.storyboard in Resources */ = {isa = PBXBuildFile; fileRef = A4FBE5CA282D928200B21C07 /* LaunchScreen.storyboard */; };
		A4FBE5D5282EDDDA00B21C07 /* HomeViewController.swift in Sources */ = {isa = PBXBuildFile; fileRef = A4FBE5D4282EDDDA00B21C07 /* HomeViewController.swift */; };
		CDC51FA6A1211BDBADBBEB3C /* Pods_studiosol_teste.framework in Frameworks */ = {isa = PBXBuildFile; fileRef = 755D0CD290B5C10AD6BDC56C /* Pods_studiosol_teste.framework */; };
/* End PBXBuildFile section */

/* Begin PBXFileReference section */
		19E588925286C52CEAE9F164 /* Pods-studiosol_teste.release.xcconfig */ = {isa = PBXFileReference; includeInIndex = 1; lastKnownFileType = text.xcconfig; name = "Pods-studiosol_teste.release.xcconfig"; path = "Target Support Files/Pods-studiosol_teste/Pods-studiosol_teste.release.xcconfig"; sourceTree = "<group>"; };
		755D0CD290B5C10AD6BDC56C /* Pods_studiosol_teste.framework */ = {isa = PBXFileReference; explicitFileType = wrapper.framework; includeInIndex = 0; path = Pods_studiosol_teste.framework; sourceTree = BUILT_PRODUCTS_DIR; };
		A403378B282EE8880024E6BC /* FavoriteBooksViewController.swift */ = {isa = PBXFileReference; lastKnownFileType = sourcecode.swift; path = FavoriteBooksViewController.swift; sourceTree = "<group>"; };
		A403378E282EEB520024E6BC /* FavoriteBooksViewModel.swift */ = {isa = PBXFileReference; lastKnownFileType = sourcecode.swift; path = FavoriteBooksViewModel.swift; sourceTree = "<group>"; };
		A4033791282EECE60024E6BC /* FavoriteBookViewCell.swift */ = {isa = PBXFileReference; lastKnownFileType = sourcecode.swift; path = FavoriteBookViewCell.swift; sourceTree = "<group>"; };
		A4033794283004280024E6BC /* FavoriteBooks.graphql */ = {isa = PBXFileReference; lastKnownFileType = text; path = FavoriteBooks.graphql; sourceTree = "<group>"; };
		A40337952830055B0024E6BC /* API.swift */ = {isa = PBXFileReference; fileEncoding = 4; lastKnownFileType = sourcecode.swift; path = API.swift; sourceTree = "<group>"; };
		A4033797283005F40024E6BC /* Network.swift */ = {isa = PBXFileReference; lastKnownFileType = sourcecode.swift; path = Network.swift; sourceTree = "<group>"; };
		A403379A2832A0A30024E6BC /* WebServices.swift */ = {isa = PBXFileReference; lastKnownFileType = sourcecode.swift; path = WebServices.swift; sourceTree = "<group>"; };
		A403379C2832A8960024E6BC /* FavoriteBookCellViewModel.swift */ = {isa = PBXFileReference; lastKnownFileType = sourcecode.swift; path = FavoriteBookCellViewModel.swift; sourceTree = "<group>"; };
		A403379E2832BCD60024E6BC /* DetailViewController.swift */ = {isa = PBXFileReference; lastKnownFileType = sourcecode.swift; path = DetailViewController.swift; sourceTree = "<group>"; };
		A40337A02832C72A0024E6BC /* DetailBookViewModel.swift */ = {isa = PBXFileReference; lastKnownFileType = sourcecode.swift; path = DetailBookViewModel.swift; sourceTree = "<group>"; };
		A40337A42832E0120024E6BC /* BookDetails.graphql */ = {isa = PBXFileReference; lastKnownFileType = text; path = BookDetails.graphql; sourceTree = "<group>"; };
		A40337A9283421540024E6BC /* FavoriteAuthorsViewController.swift */ = {isa = PBXFileReference; lastKnownFileType = sourcecode.swift; path = FavoriteAuthorsViewController.swift; sourceTree = "<group>"; };
		A40337AB283424AB0024E6BC /* AuthorCell.swift */ = {isa = PBXFileReference; lastKnownFileType = sourcecode.swift; path = AuthorCell.swift; sourceTree = "<group>"; };
		A40337AD283427650024E6BC /* FavoriteAuthorsViewModel.swift */ = {isa = PBXFileReference; lastKnownFileType = sourcecode.swift; path = FavoriteAuthorsViewModel.swift; sourceTree = "<group>"; };
		A40337AF283428630024E6BC /* FavoriteAuthors.graphql */ = {isa = PBXFileReference; lastKnownFileType = text; path = FavoriteAuthors.graphql; sourceTree = "<group>"; };
		A40337B128342B090024E6BC /* AuthorCellViewModel.swift */ = {isa = PBXFileReference; lastKnownFileType = sourcecode.swift; path = AuthorCellViewModel.swift; sourceTree = "<group>"; };
		A40337B328342EDC0024E6BC /* CategoriesViewController.swift */ = {isa = PBXFileReference; lastKnownFileType = sourcecode.swift; path = CategoriesViewController.swift; sourceTree = "<group>"; };
		A40337B5283434C40024E6BC /* CategoryCell.swift */ = {isa = PBXFileReference; lastKnownFileType = sourcecode.swift; path = CategoryCell.swift; sourceTree = "<group>"; };
		A40337B828344AAD0024E6BC /* storyboardSettings.swift */ = {isa = PBXFileReference; fileEncoding = 4; lastKnownFileType = sourcecode.swift; path = storyboardSettings.swift; sourceTree = "<group>"; };
		A40337BA2834515A0024E6BC /* AllBooksViewController.swift */ = {isa = PBXFileReference; lastKnownFileType = sourcecode.swift; path = AllBooksViewController.swift; sourceTree = "<group>"; };
		A40337BC2834518C0024E6BC /* AllBooksViewModel.swift */ = {isa = PBXFileReference; lastKnownFileType = sourcecode.swift; path = AllBooksViewModel.swift; sourceTree = "<group>"; };
		A40337BE283451B30024E6BC /* AllBooks.graphql */ = {isa = PBXFileReference; lastKnownFileType = text; path = AllBooks.graphql; sourceTree = "<group>"; };
		A40337C0283457240024E6BC /* BookTableViewCell.swift */ = {isa = PBXFileReference; fileEncoding = 4; lastKnownFileType = sourcecode.swift; path = BookTableViewCell.swift; sourceTree = "<group>"; };
		A40337C1283457240024E6BC /* BookTableViewCell.xib */ = {isa = PBXFileReference; fileEncoding = 4; lastKnownFileType = file.xib; path = BookTableViewCell.xib; sourceTree = "<group>"; };
		A40337C428345AB00024E6BC /* BookCellViewModel.swift */ = {isa = PBXFileReference; lastKnownFileType = sourcecode.swift; path = BookCellViewModel.swift; sourceTree = "<group>"; };
		A4D237CC28354E6C00F0B2A8 /* Roboto-Regular.ttf */ = {isa = PBXFileReference; lastKnownFileType = file; path = "Roboto-Regular.ttf"; sourceTree = "<group>"; };
		A4D237CD28354E6D00F0B2A8 /* Roboto-Thin.ttf */ = {isa = PBXFileReference; lastKnownFileType = file; path = "Roboto-Thin.ttf"; sourceTree = "<group>"; };
		A4D237CE28354E6D00F0B2A8 /* Roboto-ThinItalic.ttf */ = {isa = PBXFileReference; lastKnownFileType = file; path = "Roboto-ThinItalic.ttf"; sourceTree = "<group>"; };
		A4D237CF28354E6D00F0B2A8 /* Roboto-Medium.ttf */ = {isa = PBXFileReference; lastKnownFileType = file; path = "Roboto-Medium.ttf"; sourceTree = "<group>"; };
		A4D237D028354E6D00F0B2A8 /* Roboto-Italic.ttf */ = {isa = PBXFileReference; lastKnownFileType = file; path = "Roboto-Italic.ttf"; sourceTree = "<group>"; };
		A4D237D128354E6E00F0B2A8 /* Roboto-BoldItalic.ttf */ = {isa = PBXFileReference; lastKnownFileType = file; path = "Roboto-BoldItalic.ttf"; sourceTree = "<group>"; };
		A4D237D228354E6E00F0B2A8 /* Roboto-BlackItalic.ttf */ = {isa = PBXFileReference; lastKnownFileType = file; path = "Roboto-BlackItalic.ttf"; sourceTree = "<group>"; };
		A4D237D328354E6E00F0B2A8 /* Roboto-LightItalic.ttf */ = {isa = PBXFileReference; lastKnownFileType = file; path = "Roboto-LightItalic.ttf"; sourceTree = "<group>"; };
		A4D237D428354E6E00F0B2A8 /* Roboto-Black.ttf */ = {isa = PBXFileReference; lastKnownFileType = file; path = "Roboto-Black.ttf"; sourceTree = "<group>"; };
		A4D237D528354E6E00F0B2A8 /* Roboto-Light.ttf */ = {isa = PBXFileReference; lastKnownFileType = file; path = "Roboto-Light.ttf"; sourceTree = "<group>"; };
		A4D237D628354E6F00F0B2A8 /* Roboto-Bold.ttf */ = {isa = PBXFileReference; lastKnownFileType = file; path = "Roboto-Bold.ttf"; sourceTree = "<group>"; };
		A4D237D728354E6F00F0B2A8 /* Roboto-MediumItalic.ttf */ = {isa = PBXFileReference; lastKnownFileType = file; path = "Roboto-MediumItalic.ttf"; sourceTree = "<group>"; };
		A4D237E42835730500F0B2A8 /* UserPicture.graphql */ = {isa = PBXFileReference; lastKnownFileType = text; path = UserPicture.graphql; sourceTree = "<group>"; };
		A4D237E628358EFD00F0B2A8 /* TabBarViewController.swift */ = {isa = PBXFileReference; lastKnownFileType = sourcecode.swift; path = TabBarViewController.swift; sourceTree = "<group>"; };
		A4FBE5B9282D928000B21C07 /* studiosol_teste.app */ = {isa = PBXFileReference; explicitFileType = wrapper.application; includeInIndex = 0; path = studiosol_teste.app; sourceTree = BUILT_PRODUCTS_DIR; };
		A4FBE5BC282D928000B21C07 /* AppDelegate.swift */ = {isa = PBXFileReference; lastKnownFileType = sourcecode.swift; path = AppDelegate.swift; sourceTree = "<group>"; };
		A4FBE5BE282D928000B21C07 /* SceneDelegate.swift */ = {isa = PBXFileReference; lastKnownFileType = sourcecode.swift; path = SceneDelegate.swift; sourceTree = "<group>"; };
		A4FBE5C0282D928000B21C07 /* ViewController.swift */ = {isa = PBXFileReference; lastKnownFileType = sourcecode.swift; path = ViewController.swift; sourceTree = "<group>"; };
		A4FBE5C3282D928000B21C07 /* Base */ = {isa = PBXFileReference; lastKnownFileType = file.storyboard; name = Base; path = Base.lproj/Main.storyboard; sourceTree = "<group>"; };
		A4FBE5C6282D928000B21C07 /* studiosol_teste.xcdatamodel */ = {isa = PBXFileReference; lastKnownFileType = wrapper.xcdatamodel; path = studiosol_teste.xcdatamodel; sourceTree = "<group>"; };
		A4FBE5C8282D928200B21C07 /* Assets.xcassets */ = {isa = PBXFileReference; lastKnownFileType = folder.assetcatalog; path = Assets.xcassets; sourceTree = "<group>"; };
		A4FBE5CB282D928200B21C07 /* Base */ = {isa = PBXFileReference; lastKnownFileType = file.storyboard; name = Base; path = Base.lproj/LaunchScreen.storyboard; sourceTree = "<group>"; };
		A4FBE5CD282D928200B21C07 /* Info.plist */ = {isa = PBXFileReference; lastKnownFileType = text.plist.xml; path = Info.plist; sourceTree = "<group>"; };
		A4FBE5D4282EDDDA00B21C07 /* HomeViewController.swift */ = {isa = PBXFileReference; lastKnownFileType = sourcecode.swift; path = HomeViewController.swift; sourceTree = "<group>"; };
		CEBD3748F136514AE55A1F00 /* Pods-studiosol_teste.debug.xcconfig */ = {isa = PBXFileReference; includeInIndex = 1; lastKnownFileType = text.xcconfig; name = "Pods-studiosol_teste.debug.xcconfig"; path = "Target Support Files/Pods-studiosol_teste/Pods-studiosol_teste.debug.xcconfig"; sourceTree = "<group>"; };
/* End PBXFileReference section */

/* Begin PBXFrameworksBuildPhase section */
		A4FBE5B6282D928000B21C07 /* Frameworks */ = {
			isa = PBXFrameworksBuildPhase;
			buildActionMask = 2147483647;
			files = (
				CDC51FA6A1211BDBADBBEB3C /* Pods_studiosol_teste.framework in Frameworks */,
			);
			runOnlyForDeploymentPostprocessing = 0;
		};
/* End PBXFrameworksBuildPhase section */

/* Begin PBXGroup section */
		A403378D282EEB200024E6BC /* View Models */ = {
			isa = PBXGroup;
			children = (
				A403378E282EEB520024E6BC /* FavoriteBooksViewModel.swift */,
				A403379C2832A8960024E6BC /* FavoriteBookCellViewModel.swift */,
				A40337A02832C72A0024E6BC /* DetailBookViewModel.swift */,
				A40337AD283427650024E6BC /* FavoriteAuthorsViewModel.swift */,
				A40337B128342B090024E6BC /* AuthorCellViewModel.swift */,
				A40337BC2834518C0024E6BC /* AllBooksViewModel.swift */,
				A40337C428345AB00024E6BC /* BookCellViewModel.swift */,
			);
			path = "View Models";
			sourceTree = "<group>";
		};
		A4033790282EECC80024E6BC /* Components */ = {
			isa = PBXGroup;
			children = (
				A40337C0283457240024E6BC /* BookTableViewCell.swift */,
				A40337C1283457240024E6BC /* BookTableViewCell.xib */,
				A4033791282EECE60024E6BC /* FavoriteBookViewCell.swift */,
				A40337AB283424AB0024E6BC /* AuthorCell.swift */,
				A40337B5283434C40024E6BC /* CategoryCell.swift */,
			);
			path = Components;
			sourceTree = "<group>";
		};
		A40337992832A0860024E6BC /* Services */ = {
			isa = PBXGroup;
			children = (
				A403379A2832A0A30024E6BC /* WebServices.swift */,
			);
			path = Services;
			sourceTree = "<group>";
		};
		A40337B728344AAD0024E6BC /* Extensions */ = {
			isa = PBXGroup;
			children = (
				A40337B828344AAD0024E6BC /* storyboardSettings.swift */,
			);
			path = Extensions;
			sourceTree = "<group>";
		};
		A4D237CB28354E4E00F0B2A8 /* Resources */ = {
			isa = PBXGroup;
			children = (
				A4D237D428354E6E00F0B2A8 /* Roboto-Black.ttf */,
				A4D237D228354E6E00F0B2A8 /* Roboto-BlackItalic.ttf */,
				A4D237D628354E6F00F0B2A8 /* Roboto-Bold.ttf */,
				A4D237D128354E6E00F0B2A8 /* Roboto-BoldItalic.ttf */,
				A4D237D028354E6D00F0B2A8 /* Roboto-Italic.ttf */,
				A4D237D528354E6E00F0B2A8 /* Roboto-Light.ttf */,
				A4D237D328354E6E00F0B2A8 /* Roboto-LightItalic.ttf */,
				A4D237CF28354E6D00F0B2A8 /* Roboto-Medium.ttf */,
				A4D237D728354E6F00F0B2A8 /* Roboto-MediumItalic.ttf */,
				A4D237CC28354E6C00F0B2A8 /* Roboto-Regular.ttf */,
				A4D237CD28354E6D00F0B2A8 /* Roboto-Thin.ttf */,
				A4D237CE28354E6D00F0B2A8 /* Roboto-ThinItalic.ttf */,
			);
			path = Resources;
			sourceTree = "<group>";
		};
		A4FBE5B0282D928000B21C07 = {
			isa = PBXGroup;
			children = (
				A4FBE5BB282D928000B21C07 /* studiosol_teste */,
				A4FBE5BA282D928000B21C07 /* Products */,
				D30302BC2B6C27A158A18A8A /* Pods */,
				C84481012D3FA93202467208 /* Frameworks */,
			);
			sourceTree = "<group>";
		};
		A4FBE5BA282D928000B21C07 /* Products */ = {
			isa = PBXGroup;
			children = (
				A4FBE5B9282D928000B21C07 /* studiosol_teste.app */,
			);
			name = Products;
			sourceTree = "<group>";
		};
		A4FBE5BB282D928000B21C07 /* studiosol_teste */ = {
			isa = PBXGroup;
			children = (
				A4D237CB28354E4E00F0B2A8 /* Resources */,
				A40337B728344AAD0024E6BC /* Extensions */,
				A40337992832A0860024E6BC /* Services */,
				A4033797283005F40024E6BC /* Network.swift */,
				A4033790282EECC80024E6BC /* Components */,
				A403378D282EEB200024E6BC /* View Models */,
				A4FBE5D3282EDDB700B21C07 /* Views */,
				A4FBE5BC282D928000B21C07 /* AppDelegate.swift */,
				A40337952830055B0024E6BC /* API.swift */,
				A4FBE5BE282D928000B21C07 /* SceneDelegate.swift */,
				A4FBE5C0282D928000B21C07 /* ViewController.swift */,
				A4FBE5C2282D928000B21C07 /* Main.storyboard */,
				A4FBE5C8282D928200B21C07 /* Assets.xcassets */,
				A4FBE5CA282D928200B21C07 /* LaunchScreen.storyboard */,
				A4FBE5CD282D928200B21C07 /* Info.plist */,
				A4FBE5C5282D928000B21C07 /* studiosol_teste.xcdatamodeld */,
				A4033794283004280024E6BC /* FavoriteBooks.graphql */,
				A40337A42832E0120024E6BC /* BookDetails.graphql */,
				A40337AF283428630024E6BC /* FavoriteAuthors.graphql */,
				A40337BE283451B30024E6BC /* AllBooks.graphql */,
				A4D237E42835730500F0B2A8 /* UserPicture.graphql */,
			);
			path = studiosol_teste;
			sourceTree = "<group>";
		};
		A4FBE5D3282EDDB700B21C07 /* Views */ = {
			isa = PBXGroup;
			children = (
				A4FBE5D4282EDDDA00B21C07 /* HomeViewController.swift */,
				A403378B282EE8880024E6BC /* FavoriteBooksViewController.swift */,
				A403379E2832BCD60024E6BC /* DetailViewController.swift */,
				A40337A9283421540024E6BC /* FavoriteAuthorsViewController.swift */,
				A40337B328342EDC0024E6BC /* CategoriesViewController.swift */,
				A40337BA2834515A0024E6BC /* AllBooksViewController.swift */,
				A4D237E628358EFD00F0B2A8 /* TabBarViewController.swift */,
			);
			path = Views;
			sourceTree = "<group>";
		};
		C84481012D3FA93202467208 /* Frameworks */ = {
			isa = PBXGroup;
			children = (
				755D0CD290B5C10AD6BDC56C /* Pods_studiosol_teste.framework */,
			);
			name = Frameworks;
			sourceTree = "<group>";
		};
		D30302BC2B6C27A158A18A8A /* Pods */ = {
			isa = PBXGroup;
			children = (
				CEBD3748F136514AE55A1F00 /* Pods-studiosol_teste.debug.xcconfig */,
				19E588925286C52CEAE9F164 /* Pods-studiosol_teste.release.xcconfig */,
			);
			path = Pods;
			sourceTree = "<group>";
		};
/* End PBXGroup section */

/* Begin PBXNativeTarget section */
		A4FBE5B8282D928000B21C07 /* studiosol_teste */ = {
			isa = PBXNativeTarget;
			buildConfigurationList = A4FBE5D0282D928200B21C07 /* Build configuration list for PBXNativeTarget "studiosol_teste" */;
			buildPhases = (
				8B1E93037F353C1B5167E6E0 /* [CP] Check Pods Manifest.lock */,
				A4033793282FFF990024E6BC /* Apollo */,
				A4FBE5B5282D928000B21C07 /* Sources */,
				A4FBE5B6282D928000B21C07 /* Frameworks */,
				A4FBE5B7282D928000B21C07 /* Resources */,
				C1184DD2AB207E8A8749BB73 /* [CP] Embed Pods Frameworks */,
			);
			buildRules = (
			);
			dependencies = (
			);
			name = studiosol_teste;
			productName = studiosol_teste;
			productReference = A4FBE5B9282D928000B21C07 /* studiosol_teste.app */;
			productType = "com.apple.product-type.application";
		};
/* End PBXNativeTarget section */

/* Begin PBXProject section */
		A4FBE5B1282D928000B21C07 /* Project object */ = {
			isa = PBXProject;
			attributes = {
				LastSwiftUpdateCheck = 1250;
				LastUpgradeCheck = 1250;
				TargetAttributes = {
					A4FBE5B8282D928000B21C07 = {
						CreatedOnToolsVersion = 12.5;
					};
				};
			};
			buildConfigurationList = A4FBE5B4282D928000B21C07 /* Build configuration list for PBXProject "studiosol_teste" */;
			compatibilityVersion = "Xcode 9.3";
			developmentRegion = en;
			hasScannedForEncodings = 0;
			knownRegions = (
				en,
				Base,
			);
			mainGroup = A4FBE5B0282D928000B21C07;
			productRefGroup = A4FBE5BA282D928000B21C07 /* Products */;
			projectDirPath = "";
			projectRoot = "";
			targets = (
				A4FBE5B8282D928000B21C07 /* studiosol_teste */,
			);
		};
/* End PBXProject section */

/* Begin PBXResourcesBuildPhase section */
		A4FBE5B7282D928000B21C07 /* Resources */ = {
			isa = PBXResourcesBuildPhase;
			buildActionMask = 2147483647;
			files = (
				A4D237DA28354E6F00F0B2A8 /* Roboto-ThinItalic.ttf in Resources */,
				A4D237DC28354E6F00F0B2A8 /* Roboto-Italic.ttf in Resources */,
				A4D237DF28354E6F00F0B2A8 /* Roboto-LightItalic.ttf in Resources */,
				A4FBE5CC282D928200B21C07 /* LaunchScreen.storyboard in Resources */,
				A4D237DE28354E6F00F0B2A8 /* Roboto-BlackItalic.ttf in Resources */,
				A40337C3283457240024E6BC /* BookTableViewCell.xib in Resources */,
				A4D237DD28354E6F00F0B2A8 /* Roboto-BoldItalic.ttf in Resources */,
				A4D237D828354E6F00F0B2A8 /* Roboto-Regular.ttf in Resources */,
				A40337B0283428630024E6BC /* FavoriteAuthors.graphql in Resources */,
				A40337A52832E0120024E6BC /* BookDetails.graphql in Resources */,
				A4FBE5C9282D928200B21C07 /* Assets.xcassets in Resources */,
				A4D237E028354E6F00F0B2A8 /* Roboto-Black.ttf in Resources */,
				A4D237E128354E6F00F0B2A8 /* Roboto-Light.ttf in Resources */,
				A40337BF283451B30024E6BC /* AllBooks.graphql in Resources */,
				A4D237E228354E6F00F0B2A8 /* Roboto-Bold.ttf in Resources */,
				A4D237DB28354E6F00F0B2A8 /* Roboto-Medium.ttf in Resources */,
				A4FBE5C4282D928000B21C07 /* Main.storyboard in Resources */,
				A4D237E328354E6F00F0B2A8 /* Roboto-MediumItalic.ttf in Resources */,
				A4D237D928354E6F00F0B2A8 /* Roboto-Thin.ttf in Resources */,
				A4D237E52835730500F0B2A8 /* UserPicture.graphql in Resources */,
			);
			runOnlyForDeploymentPostprocessing = 0;
		};
/* End PBXResourcesBuildPhase section */

/* Begin PBXShellScriptBuildPhase section */
		8B1E93037F353C1B5167E6E0 /* [CP] Check Pods Manifest.lock */ = {
			isa = PBXShellScriptBuildPhase;
			buildActionMask = 2147483647;
			files = (
			);
			inputFileListPaths = (
			);
			inputPaths = (
				"${PODS_PODFILE_DIR_PATH}/Podfile.lock",
				"${PODS_ROOT}/Manifest.lock",
			);
			name = "[CP] Check Pods Manifest.lock";
			outputFileListPaths = (
			);
			outputPaths = (
				"$(DERIVED_FILE_DIR)/Pods-studiosol_teste-checkManifestLockResult.txt",
			);
			runOnlyForDeploymentPostprocessing = 0;
			shellPath = /bin/sh;
			shellScript = "diff \"${PODS_PODFILE_DIR_PATH}/Podfile.lock\" \"${PODS_ROOT}/Manifest.lock\" > /dev/null\nif [ $? != 0 ] ; then\n    # print error to STDERR\n    echo \"error: The sandbox is not in sync with the Podfile.lock. Run 'pod install' or update your CocoaPods installation.\" >&2\n    exit 1\nfi\n# This output is used by Xcode 'outputs' to avoid re-running this script phase.\necho \"SUCCESS\" > \"${SCRIPT_OUTPUT_FILE_0}\"\n";
			showEnvVarsInLog = 0;
		};
		A4033793282FFF990024E6BC /* Apollo */ = {
			isa = PBXShellScriptBuildPhase;
			buildActionMask = 2147483647;
			files = (
			);
			inputFileListPaths = (
			);
			inputPaths = (
			);
			name = Apollo;
			outputFileListPaths = (
			);
			outputPaths = (
			);
			runOnlyForDeploymentPostprocessing = 0;
			shellPath = /bin/sh;
			shellScript = "# Don't run this during index builds\nif [ $ACTION = \"indexbuild\" ]; then exit 0; fi\n\nSCRIPT_PATH=\"${PODS_ROOT}/Apollo/scripts\"\ncd \"${SRCROOT}/${TARGET_NAME}\"\n\"${SCRIPT_PATH}\"/run-bundled-codegen.sh codegen:generate --target=swift --includes=./**/*.graphql --localSchemaFile=\"schema.json\" API.swift\n#\"${SCRIPT_PATH}\"/run-bundled-codegen.sh schema:download --endpoint=\"https://us-central1-ss-devops.cloudfunctions.net/GraphQL\"\n";
		};
		C1184DD2AB207E8A8749BB73 /* [CP] Embed Pods Frameworks */ = {
			isa = PBXShellScriptBuildPhase;
			buildActionMask = 2147483647;
			files = (
			);
			inputFileListPaths = (
				"${PODS_ROOT}/Target Support Files/Pods-studiosol_teste/Pods-studiosol_teste-frameworks-${CONFIGURATION}-input-files.xcfilelist",
			);
			name = "[CP] Embed Pods Frameworks";
			outputFileListPaths = (
				"${PODS_ROOT}/Target Support Files/Pods-studiosol_teste/Pods-studiosol_teste-frameworks-${CONFIGURATION}-output-files.xcfilelist",
			);
			runOnlyForDeploymentPostprocessing = 0;
			shellPath = /bin/sh;
			shellScript = "\"${PODS_ROOT}/Target Support Files/Pods-studiosol_teste/Pods-studiosol_teste-frameworks.sh\"\n";
			showEnvVarsInLog = 0;
		};
/* End PBXShellScriptBuildPhase section */

/* Begin PBXSourcesBuildPhase section */
		A4FBE5B5282D928000B21C07 /* Sources */ = {
			isa = PBXSourcesBuildPhase;
			buildActionMask = 2147483647;
			files = (
				A40337C528345AB10024E6BC /* BookCellViewModel.swift in Sources */,
				A40337B428342EDC0024E6BC /* CategoriesViewController.swift in Sources */,
				A403379F2832BCD60024E6BC /* DetailViewController.swift in Sources */,
				A40337AA283421540024E6BC /* FavoriteAuthorsViewController.swift in Sources */,
				A4033798283005F40024E6BC /* Network.swift in Sources */,
				A40337B928344AAD0024E6BC /* storyboardSettings.swift in Sources */,
				A40337B228342B0A0024E6BC /* AuthorCellViewModel.swift in Sources */,
				A40337A12832C72A0024E6BC /* DetailBookViewModel.swift in Sources */,
				A403378C282EE8880024E6BC /* FavoriteBooksViewController.swift in Sources */,
				A40337BD2834518C0024E6BC /* AllBooksViewModel.swift in Sources */,
				A4D237E728358EFD00F0B2A8 /* TabBarViewController.swift in Sources */,
				A4FBE5D5282EDDDA00B21C07 /* HomeViewController.swift in Sources */,
				A403379B2832A0A30024E6BC /* WebServices.swift in Sources */,
				A4033792282EECE60024E6BC /* FavoriteBookViewCell.swift in Sources */,
				A403379D2832A8960024E6BC /* FavoriteBookCellViewModel.swift in Sources */,
				A4FBE5C1282D928000B21C07 /* ViewController.swift in Sources */,
				A40337C2283457240024E6BC /* BookTableViewCell.swift in Sources */,
				A4FBE5BD282D928000B21C07 /* AppDelegate.swift in Sources */,
				A40337AE283427650024E6BC /* FavoriteAuthorsViewModel.swift in Sources */,
				A40337BB2834515A0024E6BC /* AllBooksViewController.swift in Sources */,
				A4FBE5C7282D928000B21C07 /* studiosol_teste.xcdatamodeld in Sources */,
				A403378F282EEB520024E6BC /* FavoriteBooksViewModel.swift in Sources */,
				A40337962830055B0024E6BC /* API.swift in Sources */,
				A40337AC283424AB0024E6BC /* AuthorCell.swift in Sources */,
				A4FBE5BF282D928000B21C07 /* SceneDelegate.swift in Sources */,
				A40337B6283434C40024E6BC /* CategoryCell.swift in Sources */,
			);
			runOnlyForDeploymentPostprocessing = 0;
		};
/* End PBXSourcesBuildPhase section */

/* Begin PBXVariantGroup section */
		A4FBE5C2282D928000B21C07 /* Main.storyboard */ = {
			isa = PBXVariantGroup;
			children = (
				A4FBE5C3282D928000B21C07 /* Base */,
			);
			name = Main.storyboard;
			sourceTree = "<group>";
		};
		A4FBE5CA282D928200B21C07 /* LaunchScreen.storyboard */ = {
			isa = PBXVariantGroup;
			children = (
				A4FBE5CB282D928200B21C07 /* Base */,
			);
			name = LaunchScreen.storyboard;
			sourceTree = "<group>";
		};
/* End PBXVariantGroup section */

/* Begin XCBuildConfiguration section */
		A4FBE5CE282D928200B21C07 /* Debug */ = {
			isa = XCBuildConfiguration;
			buildSettings = {
				ALWAYS_SEARCH_USER_PATHS = NO;
				CLANG_ANALYZER_NONNULL = YES;
				CLANG_ANALYZER_NUMBER_OBJECT_CONVERSION = YES_AGGRESSIVE;
				CLANG_CXX_LANGUAGE_STANDARD = "gnu++14";
				CLANG_CXX_LIBRARY = "libc++";
				CLANG_ENABLE_MODULES = YES;
				CLANG_ENABLE_OBJC_ARC = YES;
				CLANG_ENABLE_OBJC_WEAK = YES;
				CLANG_WARN_BLOCK_CAPTURE_AUTORELEASING = YES;
				CLANG_WARN_BOOL_CONVERSION = YES;
				CLANG_WARN_COMMA = YES;
				CLANG_WARN_CONSTANT_CONVERSION = YES;
				CLANG_WARN_DEPRECATED_OBJC_IMPLEMENTATIONS = YES;
				CLANG_WARN_DIRECT_OBJC_ISA_USAGE = YES_ERROR;
				CLANG_WARN_DOCUMENTATION_COMMENTS = YES;
				CLANG_WARN_EMPTY_BODY = YES;
				CLANG_WARN_ENUM_CONVERSION = YES;
				CLANG_WARN_INFINITE_RECURSION = YES;
				CLANG_WARN_INT_CONVERSION = YES;
				CLANG_WARN_NON_LITERAL_NULL_CONVERSION = YES;
				CLANG_WARN_OBJC_IMPLICIT_RETAIN_SELF = YES;
				CLANG_WARN_OBJC_LITERAL_CONVERSION = YES;
				CLANG_WARN_OBJC_ROOT_CLASS = YES_ERROR;
				CLANG_WARN_QUOTED_INCLUDE_IN_FRAMEWORK_HEADER = YES;
				CLANG_WARN_RANGE_LOOP_ANALYSIS = YES;
				CLANG_WARN_STRICT_PROTOTYPES = YES;
				CLANG_WARN_SUSPICIOUS_MOVE = YES;
				CLANG_WARN_UNGUARDED_AVAILABILITY = YES_AGGRESSIVE;
				CLANG_WARN_UNREACHABLE_CODE = YES;
				CLANG_WARN__DUPLICATE_METHOD_MATCH = YES;
				COPY_PHASE_STRIP = NO;
				DEBUG_INFORMATION_FORMAT = dwarf;
				ENABLE_STRICT_OBJC_MSGSEND = YES;
				ENABLE_TESTABILITY = YES;
				GCC_C_LANGUAGE_STANDARD = gnu11;
				GCC_DYNAMIC_NO_PIC = NO;
				GCC_NO_COMMON_BLOCKS = YES;
				GCC_OPTIMIZATION_LEVEL = 0;
				GCC_PREPROCESSOR_DEFINITIONS = (
					"DEBUG=1",
					"$(inherited)",
				);
				GCC_WARN_64_TO_32_BIT_CONVERSION = YES;
				GCC_WARN_ABOUT_RETURN_TYPE = YES_ERROR;
				GCC_WARN_UNDECLARED_SELECTOR = YES;
				GCC_WARN_UNINITIALIZED_AUTOS = YES_AGGRESSIVE;
				GCC_WARN_UNUSED_FUNCTION = YES;
				GCC_WARN_UNUSED_VARIABLE = YES;
				IPHONEOS_DEPLOYMENT_TARGET = 14.5;
				MTL_ENABLE_DEBUG_INFO = INCLUDE_SOURCE;
				MTL_FAST_MATH = YES;
				ONLY_ACTIVE_ARCH = YES;
				SDKROOT = iphoneos;
				SWIFT_ACTIVE_COMPILATION_CONDITIONS = DEBUG;
				SWIFT_OPTIMIZATION_LEVEL = "-Onone";
			};
			name = Debug;
		};
		A4FBE5CF282D928200B21C07 /* Release */ = {
			isa = XCBuildConfiguration;
			buildSettings = {
				ALWAYS_SEARCH_USER_PATHS = NO;
				CLANG_ANALYZER_NONNULL = YES;
				CLANG_ANALYZER_NUMBER_OBJECT_CONVERSION = YES_AGGRESSIVE;
				CLANG_CXX_LANGUAGE_STANDARD = "gnu++14";
				CLANG_CXX_LIBRARY = "libc++";
				CLANG_ENABLE_MODULES = YES;
				CLANG_ENABLE_OBJC_ARC = YES;
				CLANG_ENABLE_OBJC_WEAK = YES;
				CLANG_WARN_BLOCK_CAPTURE_AUTORELEASING = YES;
				CLANG_WARN_BOOL_CONVERSION = YES;
				CLANG_WARN_COMMA = YES;
				CLANG_WARN_CONSTANT_CONVERSION = YES;
				CLANG_WARN_DEPRECATED_OBJC_IMPLEMENTATIONS = YES;
				CLANG_WARN_DIRECT_OBJC_ISA_USAGE = YES_ERROR;
				CLANG_WARN_DOCUMENTATION_COMMENTS = YES;
				CLANG_WARN_EMPTY_BODY = YES;
				CLANG_WARN_ENUM_CONVERSION = YES;
				CLANG_WARN_INFINITE_RECURSION = YES;
				CLANG_WARN_INT_CONVERSION = YES;
				CLANG_WARN_NON_LITERAL_NULL_CONVERSION = YES;
				CLANG_WARN_OBJC_IMPLICIT_RETAIN_SELF = YES;
				CLANG_WARN_OBJC_LITERAL_CONVERSION = YES;
				CLANG_WARN_OBJC_ROOT_CLASS = YES_ERROR;
				CLANG_WARN_QUOTED_INCLUDE_IN_FRAMEWORK_HEADER = YES;
				CLANG_WARN_RANGE_LOOP_ANALYSIS = YES;
				CLANG_WARN_STRICT_PROTOTYPES = YES;
				CLANG_WARN_SUSPICIOUS_MOVE = YES;
				CLANG_WARN_UNGUARDED_AVAILABILITY = YES_AGGRESSIVE;
				CLANG_WARN_UNREACHABLE_CODE = YES;
				CLANG_WARN__DUPLICATE_METHOD_MATCH = YES;
				COPY_PHASE_STRIP = NO;
				DEBUG_INFORMATION_FORMAT = "dwarf-with-dsym";
				ENABLE_NS_ASSERTIONS = NO;
				ENABLE_STRICT_OBJC_MSGSEND = YES;
				GCC_C_LANGUAGE_STANDARD = gnu11;
				GCC_NO_COMMON_BLOCKS = YES;
				GCC_WARN_64_TO_32_BIT_CONVERSION = YES;
				GCC_WARN_ABOUT_RETURN_TYPE = YES_ERROR;
				GCC_WARN_UNDECLARED_SELECTOR = YES;
				GCC_WARN_UNINITIALIZED_AUTOS = YES_AGGRESSIVE;
				GCC_WARN_UNUSED_FUNCTION = YES;
				GCC_WARN_UNUSED_VARIABLE = YES;
				IPHONEOS_DEPLOYMENT_TARGET = 14.5;
				MTL_ENABLE_DEBUG_INFO = NO;
				MTL_FAST_MATH = YES;
				SDKROOT = iphoneos;
				SWIFT_COMPILATION_MODE = wholemodule;
				SWIFT_OPTIMIZATION_LEVEL = "-O";
				VALIDATE_PRODUCT = YES;
			};
			name = Release;
		};
		A4FBE5D1282D928200B21C07 /* Debug */ = {
			isa = XCBuildConfiguration;
			baseConfigurationReference = CEBD3748F136514AE55A1F00 /* Pods-studiosol_teste.debug.xcconfig */;
			buildSettings = {
				ASSETCATALOG_COMPILER_APPICON_NAME = AppIcon;
				ASSETCATALOG_COMPILER_GLOBAL_ACCENT_COLOR_NAME = AccentColor;
				CODE_SIGN_STYLE = Automatic;
				DEVELOPMENT_TEAM = 499LUVNFHJ;
				INFOPLIST_FILE = studiosol_teste/Info.plist;
				LD_RUNPATH_SEARCH_PATHS = (
					"$(inherited)",
					"@executable_path/Frameworks",
				);
				PRODUCT_BUNDLE_IDENTIFIER = "lmarson.studiosol-teste";
				PRODUCT_NAME = "$(TARGET_NAME)";
				SWIFT_VERSION = 5.0;
				TARGETED_DEVICE_FAMILY = "1,2";
			};
			name = Debug;
		};
		A4FBE5D2282D928200B21C07 /* Release */ = {
			isa = XCBuildConfiguration;
			baseConfigurationReference = 19E588925286C52CEAE9F164 /* Pods-studiosol_teste.release.xcconfig */;
			buildSettings = {
				ASSETCATALOG_COMPILER_APPICON_NAME = AppIcon;
				ASSETCATALOG_COMPILER_GLOBAL_ACCENT_COLOR_NAME = AccentColor;
				CODE_SIGN_STYLE = Automatic;
				DEVELOPMENT_TEAM = 499LUVNFHJ;
				INFOPLIST_FILE = studiosol_teste/Info.plist;
				LD_RUNPATH_SEARCH_PATHS = (
					"$(inherited)",
					"@executable_path/Frameworks",
				);
				PRODUCT_BUNDLE_IDENTIFIER = "lmarson.studiosol-teste";
				PRODUCT_NAME = "$(TARGET_NAME)";
				SWIFT_VERSION = 5.0;
				TARGETED_DEVICE_FAMILY = "1,2";
			};
			name = Release;
		};
/* End XCBuildConfiguration section */

/* Begin XCConfigurationList section */
		A4FBE5B4282D928000B21C07 /* Build configuration list for PBXProject "studiosol_teste" */ = {
			isa = XCConfigurationList;
			buildConfigurations = (
				A4FBE5CE282D928200B21C07 /* Debug */,
				A4FBE5CF282D928200B21C07 /* Release */,
			);
			defaultConfigurationIsVisible = 0;
			defaultConfigurationName = Release;
		};
		A4FBE5D0282D928200B21C07 /* Build configuration list for PBXNativeTarget "studiosol_teste" */ = {
			isa = XCConfigurationList;
			buildConfigurations = (
				A4FBE5D1282D928200B21C07 /* Debug */,
				A4FBE5D2282D928200B21C07 /* Release */,
			);
			defaultConfigurationIsVisible = 0;
			defaultConfigurationName = Release;
		};
/* End XCConfigurationList section */

/* Begin XCVersionGroup section */
		A4FBE5C5282D928000B21C07 /* studiosol_teste.xcdatamodeld */ = {
			isa = XCVersionGroup;
			children = (
				A4FBE5C6282D928000B21C07 /* studiosol_teste.xcdatamodel */,
			);
			currentVersion = A4FBE5C6282D928000B21C07 /* studiosol_teste.xcdatamodel */;
			path = studiosol_teste.xcdatamodeld;
			sourceTree = "<group>";
			versionGroupType = wrapper.xcdatamodel;
		};
/* End XCVersionGroup section */
	};
	rootObject = A4FBE5B1282D928000B21C07 /* Project object */;
}
